PODS:
  - TKCocoaModule (0.1.3)
  - TKCocoaWidgetModule (0.1.2):
    - TKCocoaModule

DEPENDENCIES:
  - TKCocoaWidgetModule (from `../`)

SPEC REPOS:
  trunk:
    - TKCocoaModule

EXTERNAL SOURCES:
  TKCocoaWidgetModule:
    :path: "../"

SPEC CHECKSUMS:
  TKCocoaModule: 7ffb32b8c0efffd0ed4d6290c215af69578918c6
  TKCocoaWidgetModule: e33a88aa806bfc904df5c046dfe1120c33fc8a41

PODFILE CHECKSUM: aa95a4db622e32c596957befaa5dc78f68917bcd

COCOAPODS: 1.11.2
